
Microsoft Visual Studio Solution File, Format Version 12.00
# Visual Studio 15
VisualStudioVersion = 15.0.27703.2042
MinimumVisualStudioVersion = 10.0.40219.1
Project("{FAE04EC0-301F-11D3-BF4B-00C04F79EFBC}") = "TaskList.Wpf", "TaskList.Wpf\TaskList.Wpf.csproj", "{2AAEA50D-0E01-42B9-9895-F683577C7A68}"
EndProject
Global
	GlobalSection(SolutionConfigurationPlatforms) = preSolution
		Debug|Any CPU = Debug|Any CPU
		Release|Any CPU = Release|Any CPU
	EndGlobalSection
	GlobalSection(ProjectConfigurationPlatforms) = postSolution
		{2AAEA50D-0E01-42B9-9895-F683577C7A68}.Debug|Any CPU.ActiveCfg = Debug|Any CPU
		{2AAEA50D-0E01-42B9-9895-F683577C7A68}.Debug|Any CPU.Build.0 = Debug|Any CPU
		{2AAEA50D-0E01-42B9-9895-F683577C7A68}.Release|Any CPU.ActiveCfg = Release|Any CPU
		{2AAEA50D-0E01-42B9-9895-F683577C7A68}.Release|Any CPU.Build.0 = Release|Any CPU
	EndGlobalSection
	GlobalSection(SolutionProperties) = preSolution
		HideSolutionNode = FALSE
	EndGlobalSection
	GlobalSection(ExtensibilityGlobals) = postSolution
		SolutionGuid = {7C50E028-7F42-476C-9D93-CA59CBD27618}
	EndGlobalSection
EndGlobal
